{
    "_readme": [
        "This file locks the dependencies of your project to a known state",
        "Read more about it at https://getcomposer.org/doc/01-basic-usage.md#installing-dependencies",
        "This file is @generated automatically"
    ],
    "content-hash": "3287a40df6b5179c9fd3d04c9c9f690f",
    "packages": [
        {
            "name": "minicli/minicli",
            "version": "2.2.2",
            "source": {
                "type": "git",
                "url": "https://github.com/minicli/minicli.git",
                "reference": "7a136614949b47d716769a037a1107e414bc4f38"
            },
            "dist": {
                "type": "zip",
                "url": "https://api.github.com/repos/minicli/minicli/zipball/7a136614949b47d716769a037a1107e414bc4f38",
                "reference": "7a136614949b47d716769a037a1107e414bc4f38",
                "shasum": ""
            },
            "require": {
                "php": ">=7.3"
            },
            "require-dev": {
                "friendsofphp/php-cs-fixer": "^2.16",
                "pestphp/pest": "^1.0",
                "phpunit/phpunit": "^9.0"
            },
            "suggest": {
                "ext-readline": "For obtaining user input"
            },
            "type": "library",
            "autoload": {
                "psr-4": {
                    "Minicli\\": "src/",
                    "Assets\\": "tests/Assets"
                }
            },
            "notification-url": "https://packagist.org/downloads/",
            "license": [
                "MIT"
            ],
            "description": "Experimental micro CLI framework for PHP",
            "homepage": "https://github.com/minicli/minicli",
            "keywords": [
                "cli",
                "command-line"
            ],
            "support": {
                "issues": "https://github.com/minicli/minicli/issues",
                "source": "https://github.com/minicli/minicli/tree/2.2.2"
            },
            "funding": [
                {
                    "url": "https://github.com/erikaheidi",
                    "type": "github"
                }
            ],
            "time": "2021-10-30T07:30:03+00:00"
        }
    ],
    "packages-dev": [],
    "aliases": [],
    "minimum-stability": "stable",
    "stability-flags": [],
    "prefer-stable": false,
    "prefer-lowest": false,
    "platform": [],
    "platform-dev": [],
    "plugin-api-version": "2.0.0"
}
